
Microsoft Visual Studio Solution File, Format Version 12.00
# Visual Studio Version 16
VisualStudioVersion = 16.0.30413.136
MinimumVisualStudioVersion = 10.0.40219.1
Project("{FAE04EC0-301F-11D3-BF4B-00C04F79EFBC}") = "AdoNetDatabaseFirst", "AdoNetDatabaseFirst\AdoNetDatabaseFirst.csproj", "{D233C3A2-D61B-4037-8BCC-77AB06BC4A3B}"
EndProject
Global
	GlobalSection(SolutionConfigurationPlatforms) = preSolution
		Debug|Any CPU = Debug|Any CPU
		Release|Any CPU = Release|Any CPU
	EndGlobalSection
	GlobalSection(ProjectConfigurationPlatforms) = postSolution
		{D233C3A2-D61B-4037-8BCC-77AB06BC4A3B}.Debug|Any CPU.ActiveCfg = Debug|Any CPU
		{D233C3A2-D61B-4037-8BCC-77AB06BC4A3B}.Debug|Any CPU.Build.0 = Debug|Any CPU
		{D233C3A2-D61B-4037-8BCC-77AB06BC4A3B}.Release|Any CPU.ActiveCfg = Release|Any CPU
		{D233C3A2-D61B-4037-8BCC-77AB06BC4A3B}.Release|Any CPU.Build.0 = Release|Any CPU
	EndGlobalSection
	GlobalSection(SolutionProperties) = preSolution
		HideSolutionNode = FALSE
	EndGlobalSection
	GlobalSection(ExtensibilityGlobals) = postSolution
		SolutionGuid = {B61DAEFA-AFC5-4DCA-8C16-9935A7FFBA8A}
	EndGlobalSection
EndGlobal
